
Microsoft Visual Studio Solution File, Format Version 12.00
# Visual Studio Version 17
VisualStudioVersion = 17.0.31903.59
MinimumVisualStudioVersion = 10.0.40219.1
Project("{9A19103F-16F7-4668-BE54-9A1E7A4F7556}") = "TableCollections", "TableCollections\TableCollections.csproj", "{48CFBBAB-0D1E-4F2F-9E60-8FFB972AED66}"
EndProject
Project("{9A19103F-16F7-4668-BE54-9A1E7A4F7556}") = "TableCollections.Tests", "TableCollections.Tests\TableCollections.Tests.csproj", "{36CAE759-2885-4B3D-8C57-8EE879FD048A}"
EndProject
Global
	GlobalSection(SolutionConfigurationPlatforms) = preSolution
		Debug|Any CPU = Debug|Any CPU
		Release|Any CPU = Release|Any CPU
	EndGlobalSection
	GlobalSection(ProjectConfigurationPlatforms) = postSolution
		{48CFBBAB-0D1E-4F2F-9E60-8FFB972AED66}.Debug|Any CPU.ActiveCfg = Debug|Any CPU
		{48CFBBAB-0D1E-4F2F-9E60-8FFB972AED66}.Debug|Any CPU.Build.0 = Debug|Any CPU
		{48CFBBAB-0D1E-4F2F-9E60-8FFB972AED66}.Release|Any CPU.ActiveCfg = Release|Any CPU
		{48CFBBAB-0D1E-4F2F-9E60-8FFB972AED66}.Release|Any CPU.Build.0 = Release|Any CPU
		{36CAE759-2885-4B3D-8C57-8EE879FD048A}.Debug|Any CPU.ActiveCfg = Debug|Any CPU
		{36CAE759-2885-4B3D-8C57-8EE879FD048A}.Debug|Any CPU.Build.0 = Debug|Any CPU
		{36CAE759-2885-4B3D-8C57-8EE879FD048A}.Release|Any CPU.ActiveCfg = Release|Any CPU
		{36CAE759-2885-4B3D-8C57-8EE879FD048A}.Release|Any CPU.Build.0 = Release|Any CPU
	EndGlobalSection
	GlobalSection(SolutionProperties) = preSolution
		HideSolutionNode = FALSE
	EndGlobalSection
	GlobalSection(ExtensibilityGlobals) = postSolution
		SolutionGuid = {C6A9A5C0-9754-49F9-9EF9-35B0CF9B3B2D}
	EndGlobalSection
EndGlobal
